{
  "lockfileVersion": 1,
  "configVersion": 1,
  "workspaces": {
    "": {
      "dependencies": {
        "@huggingface/jinja": "^0.5.9",
      },
    },
  },
  "packages": {
    "@huggingface/jinja": ["@huggingface/jinja@0.5.9", "", {}, "sha512-uWTG+l3VJRsl7EXxYizuL3P+cCPoc3cRqbWWRcQN0FhejRfbdq0RNhCmbY/YDtnTcz9icdLYuLDjsnz4d8JMuw=="],
  }
}
