{
  "version": "5",
  "specifiers": {
    "npm:@huggingface/jinja@~0.5.9": "0.5.9",
    "npm:koffi@^3.1.6": "3.1.6"
  },
  "npm": {
    "@huggingface/jinja@0.5.9": {
      "integrity": "sha512-uWTG+l3VJRsl7EXxYizuL3P+cCPoc3cRqbWWRcQN0FhejRfbdq0RNhCmbY/YDtnTcz9icdLYuLDjsnz4d8JMuw=="
    },
    "@koromix/koffi-darwin-arm64@3.1.6": {
      "integrity": "sha512-8FHyXGCZN7/iQf4f7W5BRysmtdlAFvSx6FpmX4u6wmkZiX/2e9hIRdGLiZYlHGudlcA18UmXB/cMiyhJ7fJkzA==",
      "os": ["darwin"],
      "cpu": ["arm64"]
    },
    "@koromix/koffi-darwin-x64@3.1.6": {
      "integrity": "sha512-uzx/jqFQuSHqgg1zaRidTBTCfj8Y9M0SDTO8HeoI9s9fJhiJ1mbB9TTwJO5c2hiMnuWg2m1byczC8BaIH6cG/w==",
      "os": ["darwin"],
      "cpu": ["x64"]
    },
    "@koromix/koffi-freebsd-arm64@3.1.6": {
      "integrity": "sha512-PjpTVrsCK5YTtixOw7VsseYXJOyoY6k0qBt+bf0T9h3wyV06y73rALsorFDDEoYpLUBZO7R6EIMs6CpUrEkNTQ==",
      "os": ["freebsd"],
      "cpu": ["arm64"]
    },
    "@koromix/koffi-freebsd-ia32@3.1.6": {
      "integrity": "sha512-ETYwL820HtFwYoOVzgyvmFmzTHRo9DJtGYTxa5Nb7ajaa5ldCum0jbmUJ3PMECxFTLxD5Q6PYZ8Xbp101bGeSg==",
      "os": ["freebsd"],
      "cpu": ["ia32"]
    },
    "@koromix/koffi-freebsd-x64@3.1.6": {
      "integrity": "sha512-BkqxkNXhAAT9toU2stvLwx1iKHPDx7h08NCICyBbjYEXkCAEr84igTkpE5V3XJ9xZZ2gKll7VvdhxorHtHUqZw==",
      "os": ["freebsd"],
      "cpu": ["x64"]
    },
    "@koromix/koffi-linux-arm64@3.1.6": {
      "integrity": "sha512-cM4XPm9ljbCrcPgXjzFYjDNxDUvvuR7TCYaEoo1AKjwZT/vmWhu2xN3pomfbsHh6aVn80SFA3enufQnaETW1rQ==",
      "os": ["linux"],
      "cpu": ["arm64"]
    },
    "@koromix/koffi-linux-ia32@3.1.6": {
      "integrity": "sha512-l1SVTpO10iaQt8slbowJpzK4fbwQZ7ufj9tmCyAcIwWUpyAbPS83mJMctU72If6N9/gCS2wuRqwnYB2uPLLhLg==",
      "os": ["linux"],
      "cpu": ["ia32"]
    },
    "@koromix/koffi-linux-loong64@3.1.6": {
      "integrity": "sha512-KpTJpMSbIdCVFU26ynt0xy4x15h+y6AwPJxj2+iVxJhCzJf4oisCPc0YH2VnutuLV2nVzSrFm7sL/WSOqPgkXw==",
      "os": ["linux"],
      "cpu": ["loong64"]
    },
    "@koromix/koffi-linux-riscv64@3.1.6": {
      "integrity": "sha512-YdFNpsywnXiYOYQlDAatf7TJLnspbGXdmfwIZhf82kbKSflYUsq4tI6NmoUOzM89oIWDGpYqd4Hz3xL7tsyXsw==",
      "os": ["linux"],
      "cpu": ["riscv64"]
    },
    "@koromix/koffi-linux-x64@3.1.6": {
      "integrity": "sha512-Xx5mpr9VcaMCXfvbqIiLIWIL9Iuu6F4r3iMXg7+zZCqYUFZPFwJgiDQBLxctHv2OYgIfAoaaHMW0GC1cJkHfbA==",
      "os": ["linux"],
      "cpu": ["x64"]
    },
    "@koromix/koffi-openbsd-ia32@3.1.6": {
      "integrity": "sha512-39Np4QTxhTlTT6RRveIeP+TnbzrwuDJ0UMyHxEZ+oGtzmb9GqWhl9T1oyehG6v/O+c4BffafG2NwLkCZ7tDKWw==",
      "os": ["openbsd"],
      "cpu": ["ia32"]
    },
    "@koromix/koffi-openbsd-x64@3.1.6": {
      "integrity": "sha512-3EynGn3ycQRqaMWGmUJ0tdtuQdStByqSy/tJ0ZGKWizbMGdFAE73YpgLsyd8BDvwnKWytVG/OLNb5nDHpfd9Dg==",
      "os": ["openbsd"],
      "cpu": ["x64"]
    },
    "@koromix/koffi-win32-arm64@3.1.6": {
      "integrity": "sha512-27FdPPRtT4xbO9bsd2OZa95M5YQ7bcJ8QjCRO57UUMI21REfkDegjqKwqo/CFlugxXlJf5IYtG2rq4BEYIrvxg==",
      "os": ["win32"],
      "cpu": ["arm64"]
    },
    "@koromix/koffi-win32-ia32@3.1.6": {
      "integrity": "sha512-5mVelLKVDup4eoxZOpCzCyMPxoctsg+Qe4J9O5BP4KbBEdqoOEqaNEBBRgNzXcdr2g+GGfmIUo+oVR1NvIdiJw==",
      "os": ["win32"],
      "cpu": ["ia32"]
    },
    "@koromix/koffi-win32-x64@3.1.6": {
      "integrity": "sha512-lPKjAaHz0aoiZXT/wDVqH+joR5y3lCZj1s9Bk5qx/DGRq+0MK8Ib8VoqiBOrJ69NG5AsJSvn0tQDcSqfRgLmBQ==",
      "os": ["win32"],
      "cpu": ["x64"]
    },
    "koffi@3.1.6": {
      "integrity": "sha512-ln60chEb3o7Du1ayjwl6BFiNN1wZK+3cTM2wWGiHLEzCY/FdTIN1ER5VWDwHq7J/j4tSnnrHaH5ABS1EO6+6ag==",
      "optionalDependencies": [
        "@koromix/koffi-darwin-arm64",
        "@koromix/koffi-darwin-x64",
        "@koromix/koffi-freebsd-arm64",
        "@koromix/koffi-freebsd-ia32",
        "@koromix/koffi-freebsd-x64",
        "@koromix/koffi-linux-arm64",
        "@koromix/koffi-linux-ia32",
        "@koromix/koffi-linux-loong64",
        "@koromix/koffi-linux-riscv64",
        "@koromix/koffi-linux-x64",
        "@koromix/koffi-openbsd-ia32",
        "@koromix/koffi-openbsd-x64",
        "@koromix/koffi-win32-arm64",
        "@koromix/koffi-win32-ia32",
        "@koromix/koffi-win32-x64"
      ],
      "scripts": true
    }
  },
  "workspace": {
    "dependencies": [
      "npm:@huggingface/jinja@~0.5.9"
    ],
    "packageJson": {
      "dependencies": [
        "npm:@huggingface/jinja@~0.5.9",
        "npm:koffi@^3.1.6"
      ]
    }
  }
}
